{
  "name": "mensajeria-service",
  "version": "1.0.0",
  "lockfileVersion": 3,
  "requires": true,
  "packages": {
    "": {
      "name": "mensajeria-service",
      "version": "1.0.0",
      "license": "MIT",
      "dependencies": {
        "@whiskeysockets/baileys": "6.7.20",
        "better-sqlite3": "^13.0.2",
        "dotenv": "16.4.5",
        "express": "5.1.0",
        "grammy": "1.38.3",
        "pino": "9.7.0",
        "pngjs": "^5.0.0",
        "qrcode": "1.5.4"
      }
    },
    "node_modules/@borewit/text-codec": {
      "version": "0.2.2",
      "license": "MIT",
      "funding": {
        "type": "github",
        "url": "https://github.com/sponsors/Borewit"
      }
    },
    "node_modules/@cacheable/memory": {
      "version": "2.0.8",
      "license": "MIT",
      "dependencies": {
        "@cacheable/utils": "^2.4.0",
        "@keyv/bigmap": "^1.3.1",
        "hookified": "^1.15.1",
        "keyv": "^5.6.0"
      }
    },
    "node_modules/@cacheable/node-cache": {
      "version": "1.7.6",
      "license": "MIT",
      "dependencies": {
        "cacheable": "^2.3.1",
        "hookified": "^1.14.0",
        "keyv": "^5.5.5"
      },
      "engines": {
        "node": ">=18"
      }
    },
    "node_modules/@cacheable/utils": {
      "version": "2.4.1",
      "license": "MIT",
      "dependencies": {
        "hashery": "^1.5.1",
        "keyv": "^5.6.0"
      }
    },
    "node_modules/@grammyjs/types": {
      "version": "3.22.2",
      "resolved": "https://registry.npmjs.org/@grammyjs/types/-/types-3.22.2.tgz",
      "integrity": "sha512-uu7DX2ezhnBPozL3bXHmwhLvaFsh59E4QyviNH4Cij7EdVekYrs6mCzeXsa2pDk30l3uXo7DBahlZLzTPtpYZg==",
      "license": "MIT"
    },
    "node_modules/@hapi/boom": {
      "version": "9.1.4",
      "license": "BSD-3-Clause",
      "dependencies": {
        "@hapi/hoek": "9.x.x"
      }
    },
    "node_modules/@hapi/boom/node_modules/@hapi/hoek": {
      "version": "9.3.0",
      "resolved": "https://registry.npmjs.org/@hapi/hoek/-/hoek-9.3.0.tgz",
      "integrity": "sha512-/c6rf4UJlmHlC9b5BaNvzAcFv7HZ2QHaV0D4/HNlBdvFnvQq8RI4kYdhyPCl7Xj+oWvTWQ8ujhqS53LIgAe6KQ==",
      "license": "BSD-3-Clause"
    },
    "node_modules/@keyv/bigmap": {
      "version": "1.3.1",
      "license": "MIT",
      "dependencies": {
        "hashery": "^1.4.0",
        "hookified": "^1.15.0"
      },
      "engines": {
        "node": ">= 18"
      },
      "peerDependencies": {
        "keyv": "^5.6.0"
      }
    },
    "node_modules/@keyv/serialize": {
      "version": "1.1.1",
      "license": "MIT"
    },
    "node_modules/@protobufjs/aspromise": {
      "version": "1.1.2",
      "license": "BSD-3-Clause"
    },
    "node_modules/@protobufjs/base64": {
      "version": "1.1.2",
      "license": "BSD-3-Clause"
    },
    "node_modules/@protobufjs/codegen": {
      "version": "2.0.4",
      "license": "BSD-3-Clause"
    },
    "node_modules/@protobufjs/eventemitter": {
      "version": "1.1.0",
      "license": "BSD-3-Clause"
    },
    "node_modules/@protobufjs/fetch": {
      "version": "1.1.0",
      "license": "BSD-3-Clause",
      "dependencies": {
        "@protobufjs/aspromise": "^1.1.1",
        "@protobufjs/inquire": "^1.1.0"
      }
    },
    "node_modules/@protobufjs/float": {
      "version": "1.0.2",
      "license": "BSD-3-Clause"
    },
    "node_modules/@protobufjs/inquire": {
      "version": "1.1.0",
      "license": "BSD-3-Clause"
    },
    "node_modules/@protobufjs/path": {
      "version": "1.1.2",
      "license": "BSD-3-Clause"
    },
    "node_modules/@protobufjs/pool": {
      "version": "1.1.0",
      "license": "BSD-3-Clause"
    },
    "node_modules/@protobufjs/utf8": {
      "version": "1.1.0",
      "license": "BSD-3-Clause"
    },
    "node_modules/@tokenizer/inflate": {
      "version": "0.4.1",
      "license": "MIT",
      "dependencies": {
        "debug": "^4.4.3",
        "token-types": "^6.1.1"
      },
      "engines": {
        "node": ">=18"
      },
      "funding": {
        "type": "github",
        "url": "https://github.com/sponsors/Borewit"
      }
    },
    "node_modules/@tokenizer/token": {
      "version": "0.3.0",
      "license": "MIT"
    },
    "node_modules/@types/long": {
      "version": "4.0.2",
      "license": "MIT"
    },
    "node_modules/@whiskeysockets/baileys": {
      "version": "6.7.20",
      "resolved": "https://registry.npmjs.org/@whiskeysockets/baileys/-/baileys-6.7.20.tgz",
      "integrity": "sha512-KH/jaCSlZbnAnQZhSORIJ9VCuh6aLgYlLo9YZIAbGeL5ovm0S/mx2UNJiPotu+dsno9AwGLIaciGI6BU8twhdA==",
      "hasInstallScript": true,
      "license": "MIT",
      "dependencies": {
        "@cacheable/node-cache": "^1.4.0",
        "@hapi/boom": "^9.1.3",
        "async-mutex": "^0.5.0",
        "axios": "^1.6.0",
        "libsignal": "git+https://github.com/whiskeysockets/libsignal-node.git",
        "music-metadata": "^11.7.0",
        "pino": "^9.6",
        "protobufjs": "^7.2.4",
        "ws": "^8.13.0"
      },
      "engines": {
        "node": ">=20.0.0"
      },
      "peerDependencies": {
        "audio-decode": "^2.1.3",
        "jimp": "^1.6.0",
        "link-preview-js": "^3.0.0",
        "sharp": "*"
      },
      "peerDependenciesMeta": {
        "audio-decode": {
          "optional": true
        },
        "jimp": {
          "optional": true
        },
        "link-preview-js": {
          "optional": true
        }
      }
    },
    "node_modules/abort-controller": {
      "version": "3.0.0",
      "resolved": "https://registry.npmjs.org/abort-controller/-/abort-controller-3.0.0.tgz",
      "integrity": "sha512-h8lQ8tacZYnR3vNQTgibj+tODHI5/+l06Au2Pcriv/Gmet0eaj4TwWH41sO9wnHDiQsEj19q0drzdWdeAHtweg==",
      "license": "MIT",
      "dependencies": {
        "event-target-shim": "^5.0.0"
      },
      "engines": {
        "node": ">=6.5"
      }
    },
    "node_modules/accepts": {
      "version": "2.0.0",
      "license": "MIT",
      "dependencies": {
        "mime-types": "^3.0.0",
        "negotiator": "^1.0.0"
      },
      "engines": {
        "node": ">= 0.6"
      }
    },
    "node_modules/ansi-regex": {
      "version": "5.0.1",
      "license": "MIT",
      "engines": {
        "node": ">=8"
      }
    },
    "node_modules/ansi-styles": {
      "version": "4.3.0",
      "license": "MIT",
      "dependencies": {
        "color-convert": "^2.0.1"
      },
      "engines": {
        "node": ">=8"
      },
      "funding": {
        "url": "https://github.com/chalk/ansi-styles?sponsor=1"
      }
    },
    "node_modules/async-mutex": {
      "version": "0.5.0",
      "license": "MIT",
      "dependencies": {
        "tslib": "^2.4.0"
      }
    },
    "node_modules/asynckit": {
      "version": "0.4.0",
      "license": "MIT"
    },
    "node_modules/better-sqlite3": {
      "version": "13.0.2",
      "resolved": "https://registry.npmjs.org/better-sqlite3/-/better-sqlite3-13.0.2.tgz",
      "integrity": "sha512-jW6oufeDhXZaiX9Lw5A+oerVClx4iFrI6uDj1zu7SqUAjak9vbJvA0NEcKLNxHiQHb6kYCoFzzXYV0YOauhV3g==",
      "license": "MIT",
      "dependencies": {
        "node-addon-api": "^8.0.0"
      },
      "engines": {
        "node": ">=22"
      }
    },
    "node_modules/atomic-sleep": {
      "version": "1.0.0",
      "license": "MIT",
      "engines": {
        "node": ">=8.0.0"
      }
    },
    "node_modules/axios": {
      "version": "1.15.2",
      "resolved": "https://registry.npmjs.org/axios/-/axios-1.15.2.tgz",
      "integrity": "sha512-wLrXxPtcrPTsNlJmKjkPnNPK2Ihe0hn0wGSaTEiHRPxwjvJwT3hKmXF4dpqxmPO9SoNb2FsYXj/xEo0gHN+D5A==",
      "license": "MIT",
      "dependencies": {
        "follow-redirects": "^1.15.11",
        "form-data": "^4.0.5",
        "proxy-from-env": "^2.1.0"
      }
    },
    "node_modules/body-parser": {
      "version": "2.2.2",
      "license": "MIT",
      "dependencies": {
        "bytes": "^3.1.2",
        "content-type": "^1.0.5",
        "debug": "^4.4.3",
        "http-errors": "^2.0.0",
        "iconv-lite": "^0.7.0",
        "on-finished": "^2.4.1",
        "qs": "^6.14.1",
        "raw-body": "^3.0.1",
        "type-is": "^2.0.1"
      },
      "engines": {
        "node": ">=18"
      },
      "funding": {
        "type": "opencollective",
        "url": "https://opencollective.com/express"
      }
    },
    "node_modules/body-parser/node_modules/iconv-lite": {
      "version": "0.7.2",
      "resolved": "https://registry.npmjs.org/iconv-lite/-/iconv-lite-0.7.2.tgz",
      "integrity": "sha512-im9DjEDQ55s9fL4EYzOAv0yMqmMBSZp6G0VvFyTMPKWxiSBHUj9NW/qqLmXUwXrrM7AvqSlTCfvqRb0cM8yYqw==",
      "license": "MIT",
      "dependencies": {
        "safer-buffer": ">= 2.1.2 < 3.0.0"
      },
      "engines": {
        "node": ">=0.10.0"
      },
      "funding": {
        "type": "opencollective",
        "url": "https://opencollective.com/express"
      }
    },
    "node_modules/bytes": {
      "version": "3.1.2",
      "license": "MIT",
      "engines": {
        "node": ">= 0.8"
      }
    },
    "node_modules/cacheable": {
      "version": "2.3.4",
      "license": "MIT",
      "dependencies": {
        "@cacheable/memory": "^2.0.8",
        "@cacheable/utils": "^2.4.0",
        "hookified": "^1.15.0",
        "keyv": "^5.6.0",
        "qified": "^0.9.0"
      }
    },
    "node_modules/call-bind-apply-helpers": {
      "version": "1.0.2",
      "license": "MIT",
      "dependencies": {
        "es-errors": "^1.3.0",
        "function-bind": "^1.1.2"
      },
      "engines": {
        "node": ">= 0.4"
      }
    },
    "node_modules/call-bound": {
      "version": "1.0.4",
      "license": "MIT",
      "dependencies": {
        "call-bind-apply-helpers": "^1.0.2",
        "get-intrinsic": "^1.3.0"
      },
      "engines": {
        "node": ">= 0.4"
      },
      "funding": {
        "url": "https://github.com/sponsors/ljharb"
      }
    },
    "node_modules/camelcase": {
      "version": "5.3.1",
      "license": "MIT",
      "engines": {
        "node": ">=6"
      }
    },
    "node_modules/cliui": {
      "version": "6.0.0",
      "license": "ISC",
      "dependencies": {
        "string-width": "^4.2.0",
        "strip-ansi": "^6.0.0",
        "wrap-ansi": "^6.2.0"
      }
    },
    "node_modules/color-convert": {
      "version": "2.0.1",
      "license": "MIT",
      "dependencies": {
        "color-name": "~1.1.4"
      },
      "engines": {
        "node": ">=7.0.0"
      }
    },
    "node_modules/color-name": {
      "version": "1.1.4",
      "license": "MIT"
    },
    "node_modules/combined-stream": {
      "version": "1.0.8",
      "license": "MIT",
      "dependencies": {
        "delayed-stream": "~1.0.0"
      },
      "engines": {
        "node": ">= 0.8"
      }
    },
    "node_modules/content-disposition": {
      "version": "1.1.0",
      "license": "MIT",
      "engines": {
        "node": ">=18"
      },
      "funding": {
        "type": "opencollective",
        "url": "https://opencollective.com/express"
      }
    },
    "node_modules/content-type": {
      "version": "1.0.5",
      "license": "MIT",
      "engines": {
        "node": ">= 0.6"
      }
    },
    "node_modules/cookie": {
      "version": "0.7.2",
      "license": "MIT",
      "engines": {
        "node": ">= 0.6"
      }
    },
    "node_modules/cookie-signature": {
      "version": "1.2.2",
      "license": "MIT",
      "engines": {
        "node": ">=6.6.0"
      }
    },
    "node_modules/debug": {
      "version": "4.4.3",
      "license": "MIT",
      "dependencies": {
        "ms": "^2.1.3"
      },
      "engines": {
        "node": ">=6.0"
      },
      "peerDependenciesMeta": {
        "supports-color": {
          "optional": true
        }
      }
    },
    "node_modules/decamelize": {
      "version": "1.2.0",
      "license": "MIT",
      "engines": {
        "node": ">=0.10.0"
      }
    },
    "node_modules/delayed-stream": {
      "version": "1.0.0",
      "license": "MIT",
      "engines": {
        "node": ">=0.4.0"
      }
    },
    "node_modules/depd": {
      "version": "2.0.0",
      "license": "MIT",
      "engines": {
        "node": ">= 0.8"
      }
    },
    "node_modules/dijkstrajs": {
      "version": "1.0.3",
      "license": "MIT"
    },
    "node_modules/dotenv": {
      "version": "16.4.5",
      "license": "BSD-2-Clause",
      "engines": {
        "node": ">=12"
      },
      "funding": {
        "url": "https://dotenvx.com"
      }
    },
    "node_modules/dunder-proto": {
      "version": "1.0.1",
      "license": "MIT",
      "dependencies": {
        "call-bind-apply-helpers": "^1.0.1",
        "es-errors": "^1.3.0",
        "gopd": "^1.2.0"
      },
      "engines": {
        "node": ">= 0.4"
      }
    },
    "node_modules/ee-first": {
      "version": "1.1.1",
      "license": "MIT"
    },
    "node_modules/emoji-regex": {
      "version": "8.0.0",
      "license": "MIT"
    },
    "node_modules/encodeurl": {
      "version": "2.0.0",
      "license": "MIT",
      "engines": {
        "node": ">= 0.8"
      }
    },
    "node_modules/es-define-property": {
      "version": "1.0.1",
      "license": "MIT",
      "engines": {
        "node": ">= 0.4"
      }
    },
    "node_modules/es-errors": {
      "version": "1.3.0",
      "license": "MIT",
      "engines": {
        "node": ">= 0.4"
      }
    },
    "node_modules/es-object-atoms": {
      "version": "1.1.1",
      "license": "MIT",
      "dependencies": {
        "es-errors": "^1.3.0"
      },
      "engines": {
        "node": ">= 0.4"
      }
    },
    "node_modules/es-set-tostringtag": {
      "version": "2.1.0",
      "license": "MIT",
      "dependencies": {
        "es-errors": "^1.3.0",
        "get-intrinsic": "^1.2.6",
        "has-tostringtag": "^1.0.2",
        "hasown": "^2.0.2"
      },
      "engines": {
        "node": ">= 0.4"
      }
    },
    "node_modules/escape-html": {
      "version": "1.0.3",
      "license": "MIT"
    },
    "node_modules/etag": {
      "version": "1.8.1",
      "license": "MIT",
      "engines": {
        "node": ">= 0.6"
      }
    },
    "node_modules/event-target-shim": {
      "version": "5.0.1",
      "resolved": "https://registry.npmjs.org/event-target-shim/-/event-target-shim-5.0.1.tgz",
      "integrity": "sha512-i/2XbnSz/uxRCU6+NdVJgKWDTM427+MqYbkQzD321DuCQJUqOuJKIA0IM2+W2xtYHdKOmZ4dR6fExsd4SXL+WQ==",
      "license": "MIT",
      "engines": {
        "node": ">=6"
      }
    },
    "node_modules/express": {
      "version": "5.1.0",
      "license": "MIT",
      "dependencies": {
        "accepts": "^2.0.0",
        "body-parser": "^2.2.0",
        "content-disposition": "^1.0.0",
        "content-type": "^1.0.5",
        "cookie": "^0.7.1",
        "cookie-signature": "^1.2.1",
        "debug": "^4.4.0",
        "encodeurl": "^2.0.0",
        "escape-html": "^1.0.3",
        "etag": "^1.8.1",
        "finalhandler": "^2.1.0",
        "fresh": "^2.0.0",
        "http-errors": "^2.0.0",
        "merge-descriptors": "^2.0.0",
        "mime-types": "^3.0.0",
        "on-finished": "^2.4.1",
        "once": "^1.4.0",
        "parseurl": "^1.3.3",
        "proxy-addr": "^2.0.7",
        "qs": "^6.14.0",
        "range-parser": "^1.2.1",
        "router": "^2.2.0",
        "send": "^1.1.0",
        "serve-static": "^2.2.0",
        "statuses": "^2.0.1",
        "type-is": "^2.0.1",
        "vary": "^1.1.2"
      },
      "engines": {
        "node": ">= 18"
      },
      "funding": {
        "type": "opencollective",
        "url": "https://opencollective.com/express"
      }
    },
    "node_modules/file-type": {
      "version": "21.3.4",
      "license": "MIT",
      "dependencies": {
        "@tokenizer/inflate": "^0.4.1",
        "strtok3": "^10.3.4",
        "token-types": "^6.1.1",
        "uint8array-extras": "^1.4.0"
      },
      "engines": {
        "node": ">=20"
      },
      "funding": {
        "url": "https://github.com/sindresorhus/file-type?sponsor=1"
      }
    },
    "node_modules/finalhandler": {
      "version": "2.1.1",
      "license": "MIT",
      "dependencies": {
        "debug": "^4.4.0",
        "encodeurl": "^2.0.0",
        "escape-html": "^1.0.3",
        "on-finished": "^2.4.1",
        "parseurl": "^1.3.3",
        "statuses": "^2.0.1"
      },
      "engines": {
        "node": ">= 18.0.0"
      },
      "funding": {
        "type": "opencollective",
        "url": "https://opencollective.com/express"
      }
    },
    "node_modules/find-up": {
      "version": "4.1.0",
      "license": "MIT",
      "dependencies": {
        "locate-path": "^5.0.0",
        "path-exists": "^4.0.0"
      },
      "engines": {
        "node": ">=8"
      }
    },
    "node_modules/follow-redirects": {
      "version": "1.16.0",
      "funding": [
        {
          "type": "individual",
          "url": "https://github.com/sponsors/RubenVerborgh"
        }
      ],
      "license": "MIT",
      "engines": {
        "node": ">=4.0"
      },
      "peerDependenciesMeta": {
        "debug": {
          "optional": true
        }
      }
    },
    "node_modules/form-data": {
      "version": "4.0.5",
      "license": "MIT",
      "dependencies": {
        "asynckit": "^0.4.0",
        "combined-stream": "^1.0.8",
        "es-set-tostringtag": "^2.1.0",
        "hasown": "^2.0.2",
        "mime-types": "^2.1.12"
      },
      "engines": {
        "node": ">= 6"
      }
    },
    "node_modules/form-data/node_modules/mime-db": {
      "version": "1.52.0",
      "license": "MIT",
      "engines": {
        "node": ">= 0.6"
      }
    },
    "node_modules/form-data/node_modules/mime-types": {
      "version": "2.1.35",
      "license": "MIT",
      "dependencies": {
        "mime-db": "1.52.0"
      },
      "engines": {
        "node": ">= 0.6"
      }
    },
    "node_modules/forwarded": {
      "version": "0.2.0",
      "license": "MIT",
      "engines": {
        "node": ">= 0.6"
      }
    },
    "node_modules/fresh": {
      "version": "2.0.0",
      "license": "MIT",
      "engines": {
        "node": ">= 0.8"
      }
    },
    "node_modules/function-bind": {
      "version": "1.1.2",
      "license": "MIT",
      "funding": {
        "url": "https://github.com/sponsors/ljharb"
      }
    },
    "node_modules/get-caller-file": {
      "version": "2.0.5",
      "license": "ISC",
      "engines": {
        "node": "6.* || 8.* || >= 10.*"
      }
    },
    "node_modules/get-intrinsic": {
      "version": "1.3.0",
      "license": "MIT",
      "dependencies": {
        "call-bind-apply-helpers": "^1.0.2",
        "es-define-property": "^1.0.1",
        "es-errors": "^1.3.0",
        "es-object-atoms": "^1.1.1",
        "function-bind": "^1.1.2",
        "get-proto": "^1.0.1",
        "gopd": "^1.2.0",
        "has-symbols": "^1.1.0",
        "hasown": "^2.0.2",
        "math-intrinsics": "^1.1.0"
      },
      "engines": {
        "node": ">= 0.4"
      },
      "funding": {
        "url": "https://github.com/sponsors/ljharb"
      }
    },
    "node_modules/get-proto": {
      "version": "1.0.1",
      "license": "MIT",
      "dependencies": {
        "dunder-proto": "^1.0.1",
        "es-object-atoms": "^1.0.0"
      },
      "engines": {
        "node": ">= 0.4"
      }
    },
    "node_modules/gopd": {
      "version": "1.2.0",
      "license": "MIT",
      "engines": {
        "node": ">= 0.4"
      },
      "funding": {
        "url": "https://github.com/sponsors/ljharb"
      }
    },
    "node_modules/grammy": {
      "version": "1.38.3",
      "resolved": "https://registry.npmjs.org/grammy/-/grammy-1.38.3.tgz",
      "integrity": "sha512-1eQwNfxrRQ0JOFqd3n1nKqyWkHvCQRCNiH8e5aYm27mIjGPobgss58XN8GORC2ejAWM2+NSdUknrMhYj87cjGg==",
      "license": "MIT",
      "dependencies": {
        "@grammyjs/types": "3.22.2",
        "abort-controller": "^3.0.0",
        "debug": "^4.4.3",
        "node-fetch": "^2.7.0"
      },
      "engines": {
        "node": "^12.20.0 || >=14.13.1"
      }
    },
    "node_modules/has-symbols": {
      "version": "1.1.0",
      "license": "MIT",
      "engines": {
        "node": ">= 0.4"
      },
      "funding": {
        "url": "https://github.com/sponsors/ljharb"
      }
    },
    "node_modules/has-tostringtag": {
      "version": "1.0.2",
      "license": "MIT",
      "dependencies": {
        "has-symbols": "^1.0.3"
      },
      "engines": {
        "node": ">= 0.4"
      },
      "funding": {
        "url": "https://github.com/sponsors/ljharb"
      }
    },
    "node_modules/hashery": {
      "version": "1.5.1",
      "license": "MIT",
      "dependencies": {
        "hookified": "^1.15.0"
      },
      "engines": {
        "node": ">=20"
      }
    },
    "node_modules/hasown": {
      "version": "2.0.3",
      "license": "MIT",
      "dependencies": {
        "function-bind": "^1.1.2"
      },
      "engines": {
        "node": ">= 0.4"
      }
    },
    "node_modules/hookified": {
      "version": "1.15.1",
      "license": "MIT"
    },
    "node_modules/http-errors": {
      "version": "2.0.1",
      "license": "MIT",
      "dependencies": {
        "depd": "~2.0.0",
        "inherits": "~2.0.4",
        "setprototypeof": "~1.2.0",
        "statuses": "~2.0.2",
        "toidentifier": "~1.0.1"
      },
      "engines": {
        "node": ">= 0.8"
      },
      "funding": {
        "type": "opencollective",
        "url": "https://opencollective.com/express"
      }
    },
    "node_modules/ieee754": {
      "version": "1.2.1",
      "funding": [
        {
          "type": "github",
          "url": "https://github.com/sponsors/feross"
        },
        {
          "type": "patreon",
          "url": "https://www.patreon.com/feross"
        },
        {
          "type": "consulting",
          "url": "https://feross.org/support"
        }
      ],
      "license": "BSD-3-Clause"
    },
    "node_modules/inherits": {
      "version": "2.0.4",
      "license": "ISC"
    },
    "node_modules/ipaddr.js": {
      "version": "1.9.1",
      "license": "MIT",
      "engines": {
        "node": ">= 0.10"
      }
    },
    "node_modules/is-fullwidth-code-point": {
      "version": "3.0.0",
      "license": "MIT",
      "engines": {
        "node": ">=8"
      }
    },
    "node_modules/is-promise": {
      "version": "4.0.0",
      "license": "MIT"
    },
    "node_modules/keyv": {
      "version": "5.6.0",
      "license": "MIT",
      "dependencies": {
        "@keyv/serialize": "^1.1.1"
      }
    },
    "node_modules/libsignal": {
      "version": "2.0.1",
      "license": "GPL-3.0",
      "dependencies": {
        "protobufjs": "6.8.8"
      }
    },
    "node_modules/libsignal/node_modules/long": {
      "version": "4.0.0",
      "license": "Apache-2.0"
    },
    "node_modules/libsignal/node_modules/protobufjs": {
      "version": "6.8.8",
      "hasInstallScript": true,
      "license": "BSD-3-Clause",
      "dependencies": {
        "@protobufjs/aspromise": "^1.1.2",
        "@protobufjs/base64": "^1.1.2",
        "@protobufjs/codegen": "^2.0.4",
        "@protobufjs/eventemitter": "^1.1.0",
        "@protobufjs/fetch": "^1.1.0",
        "@protobufjs/float": "^1.0.2",
        "@protobufjs/inquire": "^1.1.0",
        "@protobufjs/path": "^1.1.2",
        "@protobufjs/pool": "^1.1.0",
        "@protobufjs/utf8": "^1.1.0",
        "@types/long": "^4.0.0",
        "@types/node": "^10.1.0",
        "long": "^4.0.0"
      },
      "bin": {
        "pbjs": "bin/pbjs",
        "pbts": "bin/pbts"
      }
    },
    "node_modules/libsignal/node_modules/protobufjs/node_modules/@types/node": {
      "version": "10.17.60",
      "resolved": "https://registry.npmjs.org/@types/node/-/node-10.17.60.tgz",
      "integrity": "sha512-F0KIgDJfy2nA3zMLmWGKxcH2ZVEtCZXHHdOQs2gSaQ27+lNeEfGxzkIw90aXswATX7AZ33tahPbzy6KAfUreVw==",
      "license": "MIT"
    },
    "node_modules/locate-path": {
      "version": "5.0.0",
      "license": "MIT",
      "dependencies": {
        "p-locate": "^4.1.0"
      },
      "engines": {
        "node": ">=8"
      }
    },
    "node_modules/long": {
      "version": "5.3.2",
      "license": "Apache-2.0"
    },
    "node_modules/math-intrinsics": {
      "version": "1.1.0",
      "license": "MIT",
      "engines": {
        "node": ">= 0.4"
      }
    },
    "node_modules/media-typer": {
      "version": "1.1.0",
      "license": "MIT",
      "engines": {
        "node": ">= 0.8"
      }
    },
    "node_modules/merge-descriptors": {
      "version": "2.0.0",
      "license": "MIT",
      "engines": {
        "node": ">=18"
      },
      "funding": {
        "url": "https://github.com/sponsors/sindresorhus"
      }
    },
    "node_modules/mime-db": {
      "version": "1.54.0",
      "license": "MIT",
      "engines": {
        "node": ">= 0.6"
      }
    },
    "node_modules/mime-types": {
      "version": "3.0.2",
      "license": "MIT",
      "dependencies": {
        "mime-db": "^1.54.0"
      },
      "engines": {
        "node": ">=18"
      },
      "funding": {
        "type": "opencollective",
        "url": "https://opencollective.com/express"
      }
    },
    "node_modules/ms": {
      "version": "2.1.3",
      "license": "MIT"
    },
    "node_modules/music-metadata": {
      "version": "11.12.3",
      "resolved": "https://registry.npmjs.org/music-metadata/-/music-metadata-11.12.3.tgz",
      "integrity": "sha512-n6hSTZkuD59qWgHh6IP5dtDlDZQXoxk/bcA85Jywg8Z1iFrlNgl2+GTFgjZyn52W5UgQpV42V4XqrQZZAMbZTQ==",
      "funding": [
        {
          "type": "github",
          "url": "https://github.com/sponsors/Borewit"
        },
        {
          "type": "buymeacoffee",
          "url": "https://buymeacoffee.com/borewit"
        }
      ],
      "license": "MIT",
      "dependencies": {
        "@borewit/text-codec": "^0.2.2",
        "@tokenizer/token": "^0.3.0",
        "content-type": "^1.0.5",
        "debug": "^4.4.3",
        "file-type": "^21.3.1",
        "media-typer": "^1.1.0",
        "strtok3": "^10.3.4",
        "token-types": "^6.1.2",
        "uint8array-extras": "^1.5.0",
        "win-guid": "^0.2.1"
      },
      "engines": {
        "node": ">=18"
      }
    },
    "node_modules/negotiator": {
      "version": "1.0.0",
      "license": "MIT",
      "engines": {
        "node": ">= 0.6"
      }
    },
    "node_modules/node-fetch": {
      "version": "2.7.0",
      "resolved": "https://registry.npmjs.org/node-fetch/-/node-fetch-2.7.0.tgz",
      "integrity": "sha512-c4FRfUm/dbcWZ7U+1Wq0AwCyFL+3nt2bEw05wfxSz+DWpWsitgmSgYmy2dQdWyKC1694ELPqMs/YzUSNozLt8A==",
      "license": "MIT",
      "dependencies": {
        "whatwg-url": "^5.0.0"
      },
      "engines": {
        "node": "4.x || >=6.0.0"
      },
      "peerDependencies": {
        "encoding": "^0.1.0"
      },
      "peerDependenciesMeta": {
        "encoding": {
          "optional": true
        }
      }
    },
    "node_modules/node-addon-api": {
      "version": "8.9.0",
      "resolved": "https://registry.npmjs.org/node-addon-api/-/node-addon-api-8.9.0.tgz",
      "integrity": "sha512-ekZMeaaIzSQTSpr7X2X3iJM7lTzgnx8ahAG9pJfT/7+14mlEM8ZYQ9cgCDvSSRbReFK0oHli3WrZdCiRsgAT9Q==",
      "license": "MIT",
      "engines": {
        "node": "^18 || ^20 || >= 21"
      }
    },
    "node_modules/on-exit-leak-free": {
      "version": "2.1.2",
      "license": "MIT",
      "engines": {
        "node": ">=14.0.0"
      }
    },
    "node_modules/on-finished": {
      "version": "2.4.1",
      "license": "MIT",
      "dependencies": {
        "ee-first": "1.1.1"
      },
      "engines": {
        "node": ">= 0.8"
      }
    },
    "node_modules/once": {
      "version": "1.4.0",
      "license": "ISC",
      "dependencies": {
        "wrappy": "1"
      }
    },
    "node_modules/p-limit": {
      "version": "2.3.0",
      "license": "MIT",
      "dependencies": {
        "p-try": "^2.0.0"
      },
      "engines": {
        "node": ">=6"
      },
      "funding": {
        "url": "https://github.com/sponsors/sindresorhus"
      }
    },
    "node_modules/p-locate": {
      "version": "4.1.0",
      "license": "MIT",
      "dependencies": {
        "p-limit": "^2.2.0"
      },
      "engines": {
        "node": ">=8"
      }
    },
    "node_modules/p-try": {
      "version": "2.2.0",
      "license": "MIT",
      "engines": {
        "node": ">=6"
      }
    },
    "node_modules/parseurl": {
      "version": "1.3.3",
      "license": "MIT",
      "engines": {
        "node": ">= 0.8"
      }
    },
    "node_modules/path-exists": {
      "version": "4.0.0",
      "license": "MIT",
      "engines": {
        "node": ">=8"
      }
    },
    "node_modules/path-to-regexp": {
      "version": "8.4.2",
      "license": "MIT",
      "funding": {
        "type": "opencollective",
        "url": "https://opencollective.com/express"
      }
    },
    "node_modules/pino": {
      "version": "9.7.0",
      "resolved": "https://registry.npmjs.org/pino/-/pino-9.7.0.tgz",
      "integrity": "sha512-vnMCM6xZTb1WDmLvtG2lE/2p+t9hDEIvTWJsu6FejkE62vB7gDhvzrpFR4Cw2to+9JNQxVnkAKVPA1KPB98vWg==",
      "license": "MIT",
      "dependencies": {
        "atomic-sleep": "^1.0.0",
        "fast-redact": "^3.1.1",
        "on-exit-leak-free": "^2.1.0",
        "pino-abstract-transport": "^2.0.0",
        "pino-std-serializers": "^7.0.0",
        "process-warning": "^5.0.0",
        "quick-format-unescaped": "^4.0.3",
        "real-require": "^0.2.0",
        "safe-stable-stringify": "^2.3.1",
        "sonic-boom": "^4.0.1",
        "thread-stream": "^3.0.0"
      },
      "bin": {
        "pino": "bin.js"
      }
    },
    "node_modules/pino-abstract-transport": {
      "version": "2.0.0",
      "license": "MIT",
      "dependencies": {
        "split2": "^4.0.0"
      }
    },
    "node_modules/pino-std-serializers": {
      "version": "7.1.0",
      "license": "MIT"
    },
    "node_modules/pino/node_modules/fast-redact": {
      "version": "3.5.0",
      "resolved": "https://registry.npmjs.org/fast-redact/-/fast-redact-3.5.0.tgz",
      "integrity": "sha512-dwsoQlS7h9hMeYUq1W++23NDcBLV4KqONnITDV9DjfS3q1SgDGVrBdvvTLUotWtPSD7asWDV9/CmsZPy8Hf70A==",
      "license": "MIT",
      "engines": {
        "node": ">=6"
      }
    },
    "node_modules/pino/node_modules/sonic-boom": {
      "version": "4.2.1",
      "resolved": "https://registry.npmjs.org/sonic-boom/-/sonic-boom-4.2.1.tgz",
      "integrity": "sha512-w6AxtubXa2wTXAUsZMMWERrsIRAdrK0Sc+FUytWvYAhBJLyuI4llrMIC1DtlNSdI99EI86KZum2MMq3EAZlF9Q==",
      "license": "MIT",
      "dependencies": {
        "atomic-sleep": "^1.0.0"
      }
    },
    "node_modules/pino/node_modules/thread-stream": {
      "version": "3.1.0",
      "resolved": "https://registry.npmjs.org/thread-stream/-/thread-stream-3.1.0.tgz",
      "integrity": "sha512-OqyPZ9u96VohAyMfJykzmivOrY2wfMSf3C5TtFJVgN+Hm6aj+voFhlK+kZEIv2FBh1X6Xp3DlnCOfEQ3B2J86A==",
      "license": "MIT",
      "dependencies": {
        "real-require": "^0.2.0"
      }
    },
    "node_modules/pngjs": {
      "version": "5.0.0",
      "resolved": "https://registry.npmjs.org/pngjs/-/pngjs-5.0.0.tgz",
      "integrity": "sha512-40QW5YalBNfQo5yRYmiw7Yz6TKKVr3h6970B2YE+3fQpsWcrbj1PzJgxeJ19DRQjhMbKPIuMY8rFaXc8moolVw==",
      "license": "MIT",
      "engines": {
        "node": ">=10.13.0"
      }
    },
    "node_modules/process-warning": {
      "version": "5.0.0",
      "funding": [
        {
          "type": "github",
          "url": "https://github.com/sponsors/fastify"
        },
        {
          "type": "opencollective",
          "url": "https://opencollective.com/fastify"
        }
      ],
      "license": "MIT"
    },
    "node_modules/protobufjs": {
      "version": "7.5.5",
      "resolved": "https://registry.npmjs.org/protobufjs/-/protobufjs-7.5.5.tgz",
      "integrity": "sha512-3wY1AxV+VBNW8Yypfd1yQY9pXnqTAN+KwQxL8iYm3/BjKYMNg4i0owhEe26PWDOMaIrzeeF98Lqd5NGz4omiIg==",
      "hasInstallScript": true,
      "license": "BSD-3-Clause",
      "dependencies": {
        "@protobufjs/aspromise": "^1.1.2",
        "@protobufjs/base64": "^1.1.2",
        "@protobufjs/codegen": "^2.0.4",
        "@protobufjs/eventemitter": "^1.1.0",
        "@protobufjs/fetch": "^1.1.0",
        "@protobufjs/float": "^1.0.2",
        "@protobufjs/inquire": "^1.1.0",
        "@protobufjs/path": "^1.1.2",
        "@protobufjs/pool": "^1.1.0",
        "@protobufjs/utf8": "^1.1.0",
        "@types/node": ">=13.7.0",
        "long": "^5.0.0"
      },
      "engines": {
        "node": ">=12.0.0"
      }
    },
    "node_modules/protobufjs/node_modules/@types/node": {
      "version": "25.6.0",
      "resolved": "https://registry.npmjs.org/@types/node/-/node-25.6.0.tgz",
      "integrity": "sha512-+qIYRKdNYJwY3vRCZMdJbPLJAtGjQBudzZzdzwQYkEPQd+PJGixUL5QfvCLDaULoLv+RhT3LDkwEfKaAkgSmNQ==",
      "license": "MIT",
      "dependencies": {
        "undici-types": "~7.19.0"
      }
    },
    "node_modules/proxy-addr": {
      "version": "2.0.7",
      "license": "MIT",
      "dependencies": {
        "forwarded": "0.2.0",
        "ipaddr.js": "1.9.1"
      },
      "engines": {
        "node": ">= 0.10"
      }
    },
    "node_modules/proxy-from-env": {
      "version": "2.1.0",
      "license": "MIT",
      "engines": {
        "node": ">=10"
      }
    },
    "node_modules/qified": {
      "version": "0.9.1",
      "license": "MIT",
      "dependencies": {
        "hookified": "^2.1.1"
      },
      "engines": {
        "node": ">=20"
      }
    },
    "node_modules/qified/node_modules/hookified": {
      "version": "2.1.1",
      "license": "MIT"
    },
    "node_modules/qrcode": {
      "version": "1.5.4",
      "resolved": "https://registry.npmjs.org/qrcode/-/qrcode-1.5.4.tgz",
      "integrity": "sha512-1ca71Zgiu6ORjHqFBDpnSMTR2ReToX4l1Au1VFLyVeBTFavzQnv5JxMFr3ukHVKpSrSA2MCk0lNJSykjUfz7Zg==",
      "license": "MIT",
      "dependencies": {
        "dijkstrajs": "^1.0.1",
        "pngjs": "^5.0.0",
        "yargs": "^15.3.1"
      },
      "bin": {
        "qrcode": "bin/qrcode"
      },
      "engines": {
        "node": ">=10.13.0"
      }
    },
    "node_modules/qs": {
      "version": "6.15.1",
      "license": "BSD-3-Clause",
      "dependencies": {
        "side-channel": "^1.1.0"
      },
      "engines": {
        "node": ">=0.6"
      },
      "funding": {
        "url": "https://github.com/sponsors/ljharb"
      }
    },
    "node_modules/quick-format-unescaped": {
      "version": "4.0.4",
      "license": "MIT"
    },
    "node_modules/range-parser": {
      "version": "1.2.1",
      "license": "MIT",
      "engines": {
        "node": ">= 0.6"
      }
    },
    "node_modules/raw-body": {
      "version": "3.0.2",
      "license": "MIT",
      "dependencies": {
        "bytes": "~3.1.2",
        "http-errors": "~2.0.1",
        "iconv-lite": "~0.7.0",
        "unpipe": "~1.0.0"
      },
      "engines": {
        "node": ">= 0.10"
      }
    },
    "node_modules/raw-body/node_modules/iconv-lite": {
      "version": "0.7.2",
      "resolved": "https://registry.npmjs.org/iconv-lite/-/iconv-lite-0.7.2.tgz",
      "integrity": "sha512-im9DjEDQ55s9fL4EYzOAv0yMqmMBSZp6G0VvFyTMPKWxiSBHUj9NW/qqLmXUwXrrM7AvqSlTCfvqRb0cM8yYqw==",
      "license": "MIT",
      "dependencies": {
        "safer-buffer": ">= 2.1.2 < 3.0.0"
      },
      "engines": {
        "node": ">=0.10.0"
      },
      "funding": {
        "type": "opencollective",
        "url": "https://opencollective.com/express"
      }
    },
    "node_modules/real-require": {
      "version": "0.2.0",
      "license": "MIT",
      "engines": {
        "node": ">= 12.13.0"
      }
    },
    "node_modules/require-directory": {
      "version": "2.1.1",
      "license": "MIT",
      "engines": {
        "node": ">=0.10.0"
      }
    },
    "node_modules/require-main-filename": {
      "version": "2.0.0",
      "license": "ISC"
    },
    "node_modules/router": {
      "version": "2.2.0",
      "license": "MIT",
      "dependencies": {
        "debug": "^4.4.0",
        "depd": "^2.0.0",
        "is-promise": "^4.0.0",
        "parseurl": "^1.3.3",
        "path-to-regexp": "^8.0.0"
      },
      "engines": {
        "node": ">= 18"
      }
    },
    "node_modules/safe-stable-stringify": {
      "version": "2.5.0",
      "license": "MIT",
      "engines": {
        "node": ">=10"
      }
    },
    "node_modules/safer-buffer": {
      "version": "2.1.2",
      "license": "MIT"
    },
    "node_modules/send": {
      "version": "1.2.1",
      "license": "MIT",
      "dependencies": {
        "debug": "^4.4.3",
        "encodeurl": "^2.0.0",
        "escape-html": "^1.0.3",
        "etag": "^1.8.1",
        "fresh": "^2.0.0",
        "http-errors": "^2.0.1",
        "mime-types": "^3.0.2",
        "ms": "^2.1.3",
        "on-finished": "^2.4.1",
        "range-parser": "^1.2.1",
        "statuses": "^2.0.2"
      },
      "engines": {
        "node": ">= 18"
      },
      "funding": {
        "type": "opencollective",
        "url": "https://opencollective.com/express"
      }
    },
    "node_modules/serve-static": {
      "version": "2.2.1",
      "license": "MIT",
      "dependencies": {
        "encodeurl": "^2.0.0",
        "escape-html": "^1.0.3",
        "parseurl": "^1.3.3",
        "send": "^1.2.0"
      },
      "engines": {
        "node": ">= 18"
      },
      "funding": {
        "type": "opencollective",
        "url": "https://opencollective.com/express"
      }
    },
    "node_modules/set-blocking": {
      "version": "2.0.0",
      "license": "ISC"
    },
    "node_modules/setprototypeof": {
      "version": "1.2.0",
      "license": "ISC"
    },
    "node_modules/sharp": {
      "peer": true
    },
    "node_modules/side-channel": {
      "version": "1.1.0",
      "license": "MIT",
      "dependencies": {
        "es-errors": "^1.3.0",
        "object-inspect": "^1.13.3",
        "side-channel-list": "^1.0.0",
        "side-channel-map": "^1.0.1",
        "side-channel-weakmap": "^1.0.2"
      },
      "engines": {
        "node": ">= 0.4"
      },
      "funding": {
        "url": "https://github.com/sponsors/ljharb"
      }
    },
    "node_modules/side-channel-list": {
      "version": "1.0.1",
      "license": "MIT",
      "dependencies": {
        "es-errors": "^1.3.0",
        "object-inspect": "^1.13.4"
      },
      "engines": {
        "node": ">= 0.4"
      },
      "funding": {
        "url": "https://github.com/sponsors/ljharb"
      }
    },
    "node_modules/side-channel-list/node_modules/object-inspect": {
      "version": "1.13.4",
      "resolved": "https://registry.npmjs.org/object-inspect/-/object-inspect-1.13.4.tgz",
      "integrity": "sha512-W67iLl4J2EXEGTbfeHCffrjDfitvLANg0UlX3wFUUSTx92KXRFegMHUVgSqE+wvhAbi4WqjGg9czysTV2Epbew==",
      "license": "MIT",
      "engines": {
        "node": ">= 0.4"
      },
      "funding": {
        "url": "https://github.com/sponsors/ljharb"
      }
    },
    "node_modules/side-channel-map": {
      "version": "1.0.1",
      "license": "MIT",
      "dependencies": {
        "call-bound": "^1.0.2",
        "es-errors": "^1.3.0",
        "get-intrinsic": "^1.2.5",
        "object-inspect": "^1.13.3"
      },
      "engines": {
        "node": ">= 0.4"
      },
      "funding": {
        "url": "https://github.com/sponsors/ljharb"
      }
    },
    "node_modules/side-channel-map/node_modules/object-inspect": {
      "version": "1.13.4",
      "resolved": "https://registry.npmjs.org/object-inspect/-/object-inspect-1.13.4.tgz",
      "integrity": "sha512-W67iLl4J2EXEGTbfeHCffrjDfitvLANg0UlX3wFUUSTx92KXRFegMHUVgSqE+wvhAbi4WqjGg9czysTV2Epbew==",
      "license": "MIT",
      "engines": {
        "node": ">= 0.4"
      },
      "funding": {
        "url": "https://github.com/sponsors/ljharb"
      }
    },
    "node_modules/side-channel-weakmap": {
      "version": "1.0.2",
      "license": "MIT",
      "dependencies": {
        "call-bound": "^1.0.2",
        "es-errors": "^1.3.0",
        "get-intrinsic": "^1.2.5",
        "object-inspect": "^1.13.3",
        "side-channel-map": "^1.0.1"
      },
      "engines": {
        "node": ">= 0.4"
      },
      "funding": {
        "url": "https://github.com/sponsors/ljharb"
      }
    },
    "node_modules/side-channel-weakmap/node_modules/object-inspect": {
      "version": "1.13.4",
      "resolved": "https://registry.npmjs.org/object-inspect/-/object-inspect-1.13.4.tgz",
      "integrity": "sha512-W67iLl4J2EXEGTbfeHCffrjDfitvLANg0UlX3wFUUSTx92KXRFegMHUVgSqE+wvhAbi4WqjGg9czysTV2Epbew==",
      "license": "MIT",
      "engines": {
        "node": ">= 0.4"
      },
      "funding": {
        "url": "https://github.com/sponsors/ljharb"
      }
    },
    "node_modules/side-channel/node_modules/object-inspect": {
      "version": "1.13.4",
      "resolved": "https://registry.npmjs.org/object-inspect/-/object-inspect-1.13.4.tgz",
      "integrity": "sha512-W67iLl4J2EXEGTbfeHCffrjDfitvLANg0UlX3wFUUSTx92KXRFegMHUVgSqE+wvhAbi4WqjGg9czysTV2Epbew==",
      "license": "MIT",
      "engines": {
        "node": ">= 0.4"
      },
      "funding": {
        "url": "https://github.com/sponsors/ljharb"
      }
    },
    "node_modules/split2": {
      "version": "4.2.0",
      "license": "ISC",
      "engines": {
        "node": ">= 10.x"
      }
    },
    "node_modules/statuses": {
      "version": "2.0.2",
      "license": "MIT",
      "engines": {
        "node": ">= 0.8"
      }
    },
    "node_modules/string-width": {
      "version": "4.2.3",
      "license": "MIT",
      "dependencies": {
        "emoji-regex": "^8.0.0",
        "is-fullwidth-code-point": "^3.0.0",
        "strip-ansi": "^6.0.1"
      },
      "engines": {
        "node": ">=8"
      }
    },
    "node_modules/strip-ansi": {
      "version": "6.0.1",
      "license": "MIT",
      "dependencies": {
        "ansi-regex": "^5.0.1"
      },
      "engines": {
        "node": ">=8"
      }
    },
    "node_modules/strtok3": {
      "version": "10.3.5",
      "license": "MIT",
      "dependencies": {
        "@tokenizer/token": "^0.3.0"
      },
      "engines": {
        "node": ">=18"
      },
      "funding": {
        "type": "github",
        "url": "https://github.com/sponsors/Borewit"
      }
    },
    "node_modules/toidentifier": {
      "version": "1.0.1",
      "license": "MIT",
      "engines": {
        "node": ">=0.6"
      }
    },
    "node_modules/token-types": {
      "version": "6.1.2",
      "license": "MIT",
      "dependencies": {
        "@borewit/text-codec": "^0.2.1",
        "@tokenizer/token": "^0.3.0",
        "ieee754": "^1.2.1"
      },
      "engines": {
        "node": ">=14.16"
      },
      "funding": {
        "type": "github",
        "url": "https://github.com/sponsors/Borewit"
      }
    },
    "node_modules/tr46": {
      "version": "0.0.3",
      "resolved": "https://registry.npmjs.org/tr46/-/tr46-0.0.3.tgz",
      "integrity": "sha512-N3WMsuqV66lT30CrXNbEjx4GEwlow3v6rr4mCcv6prnfwhS01rkgyFdjPNBYd9br7LpXV1+Emh01fHnq2Gdgrw==",
      "license": "MIT"
    },
    "node_modules/tslib": {
      "version": "2.8.1",
      "license": "0BSD"
    },
    "node_modules/type-is": {
      "version": "2.0.1",
      "license": "MIT",
      "dependencies": {
        "content-type": "^1.0.5",
        "media-typer": "^1.1.0",
        "mime-types": "^3.0.0"
      },
      "engines": {
        "node": ">= 0.6"
      }
    },
    "node_modules/uint8array-extras": {
      "version": "1.5.0",
      "license": "MIT",
      "engines": {
        "node": ">=18"
      },
      "funding": {
        "url": "https://github.com/sponsors/sindresorhus"
      }
    },
    "node_modules/undici-types": {
      "version": "7.19.2",
      "license": "MIT"
    },
    "node_modules/unpipe": {
      "version": "1.0.0",
      "license": "MIT",
      "engines": {
        "node": ">= 0.8"
      }
    },
    "node_modules/vary": {
      "version": "1.1.2",
      "license": "MIT",
      "engines": {
        "node": ">= 0.8"
      }
    },
    "node_modules/webidl-conversions": {
      "version": "3.0.1",
      "resolved": "https://registry.npmjs.org/webidl-conversions/-/webidl-conversions-3.0.1.tgz",
      "integrity": "sha512-2JAn3z8AR6rjK8Sm8orRC0h/bcl/DqL7tRPdGZ4I1CjdF+EaMLmYxBHyXuKL849eucPFhvBoxMsflfOb8kxaeQ==",
      "license": "BSD-2-Clause"
    },
    "node_modules/whatwg-url": {
      "version": "5.0.0",
      "resolved": "https://registry.npmjs.org/whatwg-url/-/whatwg-url-5.0.0.tgz",
      "integrity": "sha512-saE57nupxk6v3HY35+jzBwYa0rKSy0XR8JSxZPwgLr7ys0IBzhGviA1/TUGJLmSVqs8pb9AnvICXEuOHLprYTw==",
      "license": "MIT",
      "dependencies": {
        "tr46": "~0.0.3",
        "webidl-conversions": "^3.0.0"
      }
    },
    "node_modules/which-module": {
      "version": "2.0.1",
      "license": "ISC"
    },
    "node_modules/win-guid": {
      "version": "0.2.1",
      "license": "MIT"
    },
    "node_modules/wrap-ansi": {
      "version": "6.2.0",
      "license": "MIT",
      "dependencies": {
        "ansi-styles": "^4.0.0",
        "string-width": "^4.1.0",
        "strip-ansi": "^6.0.0"
      },
      "engines": {
        "node": ">=8"
      }
    },
    "node_modules/wrappy": {
      "version": "1.0.2",
      "license": "ISC"
    },
    "node_modules/ws": {
      "version": "8.20.0",
      "license": "MIT",
      "engines": {
        "node": ">=10.0.0"
      },
      "peerDependencies": {
        "bufferutil": "^4.0.1",
        "utf-8-validate": ">=5.0.2"
      },
      "peerDependenciesMeta": {
        "bufferutil": {
          "optional": true
        },
        "utf-8-validate": {
          "optional": true
        }
      }
    },
    "node_modules/y18n": {
      "version": "4.0.3",
      "license": "ISC"
    },
    "node_modules/yargs": {
      "version": "15.4.1",
      "resolved": "https://registry.npmjs.org/yargs/-/yargs-15.4.1.tgz",
      "integrity": "sha512-aePbxDmcYW++PaqBsJ+HYUFwCdv4LVvdnhBy78E57PIor8/OVvhMrADFFEDh8DHDFRv/O9i3lPhsENjO7QX0+A==",
      "license": "MIT",
      "dependencies": {
        "cliui": "^6.0.0",
        "decamelize": "^1.2.0",
        "find-up": "^4.1.0",
        "get-caller-file": "^2.0.1",
        "require-directory": "^2.1.1",
        "require-main-filename": "^2.0.0",
        "set-blocking": "^2.0.0",
        "string-width": "^4.2.0",
        "which-module": "^2.0.0",
        "y18n": "^4.0.0",
        "yargs-parser": "^18.1.2"
      },
      "engines": {
        "node": ">=8"
      }
    },
    "node_modules/yargs-parser": {
      "version": "18.1.3",
      "license": "ISC",
      "dependencies": {
        "camelcase": "^5.0.0",
        "decamelize": "^1.2.0"
      },
      "engines": {
        "node": ">=6"
      }
    }
  }
}
